// !$*UTF8*$!
{
	archiveVersion = 1;
	classes = {
	};
	objectVersion = 46;
	objects = {

/* Begin PBXBuildFile section */
		E027CF3E1D0C7EA300578BAD /* main.m in Sources */ = {isa = PBXBuildFile; fileRef = E027CF3D1D0C7EA300578BAD /* main.m */; };
		E027CF411D0C7EA300578BAD /* AppDelegate.m in Sources */ = {isa = PBXBuildFile; fileRef = E027CF401D0C7EA300578BAD /* AppDelegate.m */; };
		E027CF471D0C7EA300578BAD /* Main.storyboard in Resources */ = {isa = PBXBuildFile; fileRef = E027CF451D0C7EA300578BAD /* Main.storyboard */; };
		E027CF491D0C7EA300578BAD /* Assets.xcassets in Resources */ = {isa = PBXBuildFile; fileRef = E027CF481D0C7EA300578BAD /* Assets.xcassets */; };
		E027CF4C1D0C7EA300578BAD /* LaunchScreen.storyboard in Resources */ = {isa = PBXBuildFile; fileRef = E027CF4A1D0C7EA300578BAD /* LaunchScreen.storyboard */; };
		E027CF571D0C7EA300578BAD /* NASATests.m in Sources */ = {isa = PBXBuildFile; fileRef = E027CF561D0C7EA300578BAD /* NASATests.m */; };
		E027CF631D0C7EDA00578BAD /* NSMenuViewController.m in Sources */ = {isa = PBXBuildFile; fileRef = E027CF621D0C7EDA00578BAD /* NSMenuViewController.m */; };
		E027CF671D0C7F3100578BAD /* NSHandler.m in Sources */ = {isa = PBXBuildFile; fileRef = E027CF661D0C7F3100578BAD /* NSHandler.m */; };
		E027CF6B1D0C816D00578BAD /* NSAPODViewController.m in Sources */ = {isa = PBXBuildFile; fileRef = E027CF6A1D0C816D00578BAD /* NSAPODViewController.m */; };
		E027CF701D0C83D100578BAD /* MBProgressHUD.m in Sources */ = {isa = PBXBuildFile; fileRef = E027CF6F1D0C83D100578BAD /* MBProgressHUD.m */; };
		E027CF8C1D0C897700578BAD /* NYTExamplePhoto.m in Sources */ = {isa = PBXBuildFile; fileRef = E027CF731D0C897700578BAD /* NYTExamplePhoto.m */; };
		E027CF8D1D0C897700578BAD /* NYTOperatingSystemCompatibilityUtility.m in Sources */ = {isa = PBXBuildFile; fileRef = E027CF751D0C897700578BAD /* NYTOperatingSystemCompatibilityUtility.m */; };
		E027CF8E1D0C897700578BAD /* NYTPhotoCaptionView.m in Sources */ = {isa = PBXBuildFile; fileRef = E027CF771D0C897700578BAD /* NYTPhotoCaptionView.m */; };
		E027CF8F1D0C897700578BAD /* NYTPhotoDismissalInteractionController.m in Sources */ = {isa = PBXBuildFile; fileRef = E027CF791D0C897700578BAD /* NYTPhotoDismissalInteractionController.m */; };
		E027CF901D0C897700578BAD /* NYTPhotosDataSource.m in Sources */ = {isa = PBXBuildFile; fileRef = E027CF7B1D0C897700578BAD /* NYTPhotosDataSource.m */; };
		E027CF911D0C897700578BAD /* NYTPhotosOverlayView.m in Sources */ = {isa = PBXBuildFile; fileRef = E027CF7D1D0C897700578BAD /* NYTPhotosOverlayView.m */; };
		E027CF921D0C897700578BAD /* NYTPhotosViewController.m in Sources */ = {isa = PBXBuildFile; fileRef = E027CF7F1D0C897700578BAD /* NYTPhotosViewController.m */; };
		E027CF931D0C897700578BAD /* NYTPhotoTransitionAnimator.m in Sources */ = {isa = PBXBuildFile; fileRef = E027CF811D0C897700578BAD /* NYTPhotoTransitionAnimator.m */; };
		E027CF941D0C897700578BAD /* NYTPhotoTransitionController.m in Sources */ = {isa = PBXBuildFile; fileRef = E027CF831D0C897700578BAD /* NYTPhotoTransitionController.m */; };
		E027CF951D0C897700578BAD /* NYTPhotoViewController.m in Sources */ = {isa = PBXBuildFile; fileRef = E027CF851D0C897700578BAD /* NYTPhotoViewController.m */; };
		E027CF961D0C897700578BAD /* NYTScalingImageView.m in Sources */ = {isa = PBXBuildFile; fileRef = E027CF871D0C897700578BAD /* NYTScalingImageView.m */; };
		E027CF991D0C992F00578BAD /* NSSoundViewController.m in Sources */ = {isa = PBXBuildFile; fileRef = E027CF981D0C992F00578BAD /* NSSoundViewController.m */; };
		E027CF9C1D0CAD8500578BAD /* NSMarsViewController.m in Sources */ = {isa = PBXBuildFile; fileRef = E027CF9B1D0CAD8500578BAD /* NSMarsViewController.m */; };
		E027CF9F1D0CB12300578BAD /* NSMarsPhotosViewController.m in Sources */ = {isa = PBXBuildFile; fileRef = E027CF9E1D0CB12300578BAD /* NSMarsPhotosViewController.m */; };
/* End PBXBuildFile section */

/* Begin PBXContainerItemProxy section */
		E027CF531D0C7EA300578BAD /* PBXContainerItemProxy */ = {
			isa = PBXContainerItemProxy;
			containerPortal = E027CF311D0C7EA300578BAD /* Project object */;
			proxyType = 1;
			remoteGlobalIDString = E027CF381D0C7EA300578BAD;
			remoteInfo = NASA;
		};
/* End PBXContainerItemProxy section */

/* Begin PBXFileReference section */
		E027CF391D0C7EA300578BAD /* NASA.app */ = {isa = PBXFileReference; explicitFileType = wrapper.application; includeInIndex = 0; path = NASA.app; sourceTree = BUILT_PRODUCTS_DIR; };
		E027CF3D1D0C7EA300578BAD /* main.m */ = {isa = PBXFileReference; lastKnownFileType = sourcecode.c.objc; path = main.m; sourceTree = "<group>"; };
		E027CF3F1D0C7EA300578BAD /* AppDelegate.h */ = {isa = PBXFileReference; lastKnownFileType = sourcecode.c.h; path = AppDelegate.h; sourceTree = "<group>"; };
		E027CF401D0C7EA300578BAD /* AppDelegate.m */ = {isa = PBXFileReference; lastKnownFileType = sourcecode.c.objc; path = AppDelegate.m; sourceTree = "<group>"; };
		E027CF461D0C7EA300578BAD /* Base */ = {isa = PBXFileReference; lastKnownFileType = file.storyboard; name = Base; path = Base.lproj/Main.storyboard; sourceTree = "<group>"; };
		E027CF481D0C7EA300578BAD /* Assets.xcassets */ = {isa = PBXFileReference; lastKnownFileType = folder.assetcatalog; path = Assets.xcassets; sourceTree = "<group>"; };
		E027CF4B1D0C7EA300578BAD /* Base */ = {isa = PBXFileReference; lastKnownFileType = file.storyboard; name = Base; path = Base.lproj/LaunchScreen.storyboard; sourceTree = "<group>"; };
		E027CF4D1D0C7EA300578BAD /* Info.plist */ = {isa = PBXFileReference; lastKnownFileType = text.plist.xml; path = Info.plist; sourceTree = "<group>"; };
		E027CF521D0C7EA300578BAD /* NASATests.xctest */ = {isa = PBXFileReference; explicitFileType = wrapper.cfbundle; includeInIndex = 0; path = NASATests.xctest; sourceTree = BUILT_PRODUCTS_DIR; };
		E027CF561D0C7EA300578BAD /* NASATests.m */ = {isa = PBXFileReference; lastKnownFileType = sourcecode.c.objc; path = NASATests.m; sourceTree = "<group>"; };
		E027CF581D0C7EA300578BAD /* Info.plist */ = {isa = PBXFileReference; lastKnownFileType = text.plist.xml; path = Info.plist; sourceTree = "<group>"; };
		E027CF611D0C7EDA00578BAD /* NSMenuViewController.h */ = {isa = PBXFileReference; fileEncoding = 4; lastKnownFileType = sourcecode.c.h; path = NSMenuViewController.h; sourceTree = "<group>"; };
		E027CF621D0C7EDA00578BAD /* NSMenuViewController.m */ = {isa = PBXFileReference; fileEncoding = 4; lastKnownFileType = sourcecode.c.objc; path = NSMenuViewController.m; sourceTree = "<group>"; };
		E027CF651D0C7F3100578BAD /* NSHandler.h */ = {isa = PBXFileReference; fileEncoding = 4; lastKnownFileType = sourcecode.c.h; path = NSHandler.h; sourceTree = "<group>"; };
		E027CF661D0C7F3100578BAD /* NSHandler.m */ = {isa = PBXFileReference; fileEncoding = 4; lastKnownFileType = sourcecode.c.objc; path = NSHandler.m; sourceTree = "<group>"; };
		E027CF691D0C816D00578BAD /* NSAPODViewController.h */ = {isa = PBXFileReference; fileEncoding = 4; lastKnownFileType = sourcecode.c.h; path = NSAPODViewController.h; sourceTree = "<group>"; };
		E027CF6A1D0C816D00578BAD /* NSAPODViewController.m */ = {isa = PBXFileReference; fileEncoding = 4; lastKnownFileType = sourcecode.c.objc; path = NSAPODViewController.m; sourceTree = "<group>"; };
		E027CF6E1D0C83D100578BAD /* MBProgressHUD.h */ = {isa = PBXFileReference; fileEncoding = 4; lastKnownFileType = sourcecode.c.h; path = MBProgressHUD.h; sourceTree = "<group>"; };
		E027CF6F1D0C83D100578BAD /* MBProgressHUD.m */ = {isa = PBXFileReference; fileEncoding = 4; lastKnownFileType = sourcecode.c.objc; path = MBProgressHUD.m; sourceTree = "<group>"; };
		E027CF721D0C897700578BAD /* NYTExamplePhoto.h */ = {isa = PBXFileReference; fileEncoding = 4; lastKnownFileType = sourcecode.c.h; path = NYTExamplePhoto.h; sourceTree = "<group>"; };
		E027CF731D0C897700578BAD /* NYTExamplePhoto.m */ = {isa = PBXFileReference; fileEncoding = 4; lastKnownFileType = sourcecode.c.objc; path = NYTExamplePhoto.m; sourceTree = "<group>"; };
		E027CF741D0C897700578BAD /* NYTOperatingSystemCompatibilityUtility.h */ = {isa = PBXFileReference; fileEncoding = 4; lastKnownFileType = sourcecode.c.h; path = NYTOperatingSystemCompatibilityUtility.h; sourceTree = "<group>"; };
		E027CF751D0C897700578BAD /* NYTOperatingSystemCompatibilityUtility.m */ = {isa = PBXFileReference; fileEncoding = 4; lastKnownFileType = sourcecode.c.objc; path = NYTOperatingSystemCompatibilityUtility.m; sourceTree = "<group>"; };
		E027CF761D0C897700578BAD /* NYTPhotoCaptionView.h */ = {isa = PBXFileReference; fileEncoding = 4; lastKnownFileType = sourcecode.c.h; path = NYTPhotoCaptionView.h; sourceTree = "<group>"; };
		E027CF771D0C897700578BAD /* NYTPhotoCaptionView.m */ = {isa = PBXFileReference; fileEncoding = 4; lastKnownFileType = sourcecode.c.objc; path = NYTPhotoCaptionView.m; sourceTree = "<group>"; };
		E027CF781D0C897700578BAD /* NYTPhotoDismissalInteractionController.h */ = {isa = PBXFileReference; fileEncoding = 4; lastKnownFileType = sourcecode.c.h; path = NYTPhotoDismissalInteractionController.h; sourceTree = "<group>"; };
		E027CF791D0C897700578BAD /* NYTPhotoDismissalInteractionController.m */ = {isa = PBXFileReference; fileEncoding = 4; lastKnownFileType = sourcecode.c.objc; path = NYTPhotoDismissalInteractionController.m; sourceTree = "<group>"; };
		E027CF7A1D0C897700578BAD /* NYTPhotosDataSource.h */ = {isa = PBXFileReference; fileEncoding = 4; lastKnownFileType = sourcecode.c.h; path = NYTPhotosDataSource.h; sourceTree = "<group>"; };
		E027CF7B1D0C897700578BAD /* NYTPhotosDataSource.m */ = {isa = PBXFileReference; fileEncoding = 4; lastKnownFileType = sourcecode.c.objc; path = NYTPhotosDataSource.m; sourceTree = "<group>"; };
		E027CF7C1D0C897700578BAD /* NYTPhotosOverlayView.h */ = {isa = PBXFileReference; fileEncoding = 4; lastKnownFileType = sourcecode.c.h; path = NYTPhotosOverlayView.h; sourceTree = "<group>"; };
		E027CF7D1D0C897700578BAD /* NYTPhotosOverlayView.m */ = {isa = PBXFileReference; fileEncoding = 4; lastKnownFileType = sourcecode.c.objc; path = NYTPhotosOverlayView.m; sourceTree = "<group>"; };
		E027CF7E1D0C897700578BAD /* NYTPhotosViewController.h */ = {isa = PBXFileReference; fileEncoding = 4; lastKnownFileType = sourcecode.c.h; path = NYTPhotosViewController.h; sourceTree = "<group>"; };
		E027CF7F1D0C897700578BAD /* NYTPhotosViewController.m */ = {isa = PBXFileReference; fileEncoding = 4; lastKnownFileType = sourcecode.c.objc; path = NYTPhotosViewController.m; sourceTree = "<group>"; };
		E027CF801D0C897700578BAD /* NYTPhotoTransitionAnimator.h */ = {isa = PBXFileReference; fileEncoding = 4; lastKnownFileType = sourcecode.c.h; path = NYTPhotoTransitionAnimator.h; sourceTree = "<group>"; };
		E027CF811D0C897700578BAD /* NYTPhotoTransitionAnimator.m */ = {isa = PBXFileReference; fileEncoding = 4; lastKnownFileType = sourcecode.c.objc; path = NYTPhotoTransitionAnimator.m; sourceTree = "<group>"; };
		E027CF821D0C897700578BAD /* NYTPhotoTransitionController.h */ = {isa = PBXFileReference; fileEncoding = 4; lastKnownFileType = sourcecode.c.h; path = NYTPhotoTransitionController.h; sourceTree = "<group>"; };
		E027CF831D0C897700578BAD /* NYTPhotoTransitionController.m */ = {isa = PBXFileReference; fileEncoding = 4; lastKnownFileType = sourcecode.c.objc; path = NYTPhotoTransitionController.m; sourceTree = "<group>"; };
		E027CF841D0C897700578BAD /* NYTPhotoViewController.h */ = {isa = PBXFileReference; fileEncoding = 4; lastKnownFileType = sourcecode.c.h; path = NYTPhotoViewController.h; sourceTree = "<group>"; };
		E027CF851D0C897700578BAD /* NYTPhotoViewController.m */ = {isa = PBXFileReference; fileEncoding = 4; lastKnownFileType = sourcecode.c.objc; path = NYTPhotoViewController.m; sourceTree = "<group>"; };
		E027CF861D0C897700578BAD /* NYTScalingImageView.h */ = {isa = PBXFileReference; fileEncoding = 4; lastKnownFileType = sourcecode.c.h; path = NYTScalingImageView.h; sourceTree = "<group>"; };
		E027CF871D0C897700578BAD /* NYTScalingImageView.m */ = {isa = PBXFileReference; fileEncoding = 4; lastKnownFileType = sourcecode.c.objc; path = NYTScalingImageView.m; sourceTree = "<group>"; };
		E027CF891D0C897700578BAD /* NYTPhoto.h */ = {isa = PBXFileReference; fileEncoding = 4; lastKnownFileType = sourcecode.c.h; path = NYTPhoto.h; sourceTree = "<group>"; };
		E027CF8A1D0C897700578BAD /* NYTPhotoContainer.h */ = {isa = PBXFileReference; fileEncoding = 4; lastKnownFileType = sourcecode.c.h; path = NYTPhotoContainer.h; sourceTree = "<group>"; };
		E027CF8B1D0C897700578BAD /* NYTPhotosViewControllerDataSource.h */ = {isa = PBXFileReference; fileEncoding = 4; lastKnownFileType = sourcecode.c.h; path = NYTPhotosViewControllerDataSource.h; sourceTree = "<group>"; };
		E027CF971D0C992F00578BAD /* NSSoundViewController.h */ = {isa = PBXFileReference; fileEncoding = 4; lastKnownFileType = sourcecode.c.h; path = NSSoundViewController.h; sourceTree = "<group>"; };
		E027CF981D0C992F00578BAD /* NSSoundViewController.m */ = {isa = PBXFileReference; fileEncoding = 4; lastKnownFileType = sourcecode.c.objc; path = NSSoundViewController.m; sourceTree = "<group>"; };
		E027CF9A1D0CAD8500578BAD /* NSMarsViewController.h */ = {isa = PBXFileReference; fileEncoding = 4; lastKnownFileType = sourcecode.c.h; path = NSMarsViewController.h; sourceTree = "<group>"; };
		E027CF9B1D0CAD8500578BAD /* NSMarsViewController.m */ = {isa = PBXFileReference; fileEncoding = 4; lastKnownFileType = sourcecode.c.objc; path = NSMarsViewController.m; sourceTree = "<group>"; };
		E027CF9D1D0CB12300578BAD /* NSMarsPhotosViewController.h */ = {isa = PBXFileReference; fileEncoding = 4; lastKnownFileType = sourcecode.c.h; path = NSMarsPhotosViewController.h; sourceTree = "<group>"; };
		E027CF9E1D0CB12300578BAD /* NSMarsPhotosViewController.m */ = {isa = PBXFileReference; fileEncoding = 4; lastKnownFileType = sourcecode.c.objc; path = NSMarsPhotosViewController.m; sourceTree = "<group>"; };
/* End PBXFileReference section */

/* Begin PBXFrameworksBuildPhase section */
		E027CF361D0C7EA300578BAD /* Frameworks */ = {
			isa = PBXFrameworksBuildPhase;
			buildActionMask = 2147483647;
			files = (
			);
			runOnlyForDeploymentPostprocessing = 0;
		};
		E027CF4F1D0C7EA300578BAD /* Frameworks */ = {
			isa = PBXFrameworksBuildPhase;
			buildActionMask = 2147483647;
			files = (
			);
			runOnlyForDeploymentPostprocessing = 0;
		};
/* End PBXFrameworksBuildPhase section */

/* Begin PBXGroup section */
		E027CF301D0C7EA300578BAD = {
			isa = PBXGroup;
			children = (
				E027CF3B1D0C7EA300578BAD /* NASA */,
				E027CF551D0C7EA300578BAD /* NASATests */,
				E027CF3A1D0C7EA300578BAD /* Products */,
			);
			sourceTree = "<group>";
		};
		E027CF3A1D0C7EA300578BAD /* Products */ = {
			isa = PBXGroup;
			children = (
				E027CF391D0C7EA300578BAD /* NASA.app */,
				E027CF521D0C7EA300578BAD /* NASATests.xctest */,
			);
			name = Products;
			sourceTree = "<group>";
		};
		E027CF3B1D0C7EA300578BAD /* NASA */ = {
			isa = PBXGroup;
			children = (
				E027CF3F1D0C7EA300578BAD /* AppDelegate.h */,
				E027CF401D0C7EA300578BAD /* AppDelegate.m */,
				E027CF451D0C7EA300578BAD /* Main.storyboard */,
				E027CF641D0C7EE200578BAD /* Controllers */,
				E027CF681D0C7F3400578BAD /* Data */,
				E027CF481D0C7EA300578BAD /* Assets.xcassets */,
				E027CF4A1D0C7EA300578BAD /* LaunchScreen.storyboard */,
				E027CF4D1D0C7EA300578BAD /* Info.plist */,
				E027CF3C1D0C7EA300578BAD /* Supporting Files */,
			);
			path = NASA;
			sourceTree = "<group>";
		};
		E027CF3C1D0C7EA300578BAD /* Supporting Files */ = {
			isa = PBXGroup;
			children = (
				E027CF6C1D0C83B700578BAD /* Components */,
				E027CF3D1D0C7EA300578BAD /* main.m */,
			);
			name = "Supporting Files";
			sourceTree = "<group>";
		};
		E027CF551D0C7EA300578BAD /* NASATests */ = {
			isa = PBXGroup;
			children = (
				E027CF561D0C7EA300578BAD /* NASATests.m */,
				E027CF581D0C7EA300578BAD /* Info.plist */,
			);
			path = NASATests;
			sourceTree = "<group>";
		};
		E027CF641D0C7EE200578BAD /* Controllers */ = {
			isa = PBXGroup;
			children = (
				E027CF611D0C7EDA00578BAD /* NSMenuViewController.h */,
				E027CF621D0C7EDA00578BAD /* NSMenuViewController.m */,
				E027CFA01D0CB4B800578BAD /* APOD */,
				E027CFA11D0CB4BD00578BAD /* Sound */,
				E027CFA21D0CB4C300578BAD /* Mars */,
			);
			path = Controllers;
			sourceTree = "<group>";
		};
		E027CF681D0C7F3400578BAD /* Data */ = {
			isa = PBXGroup;
			children = (
				E027CF651D0C7F3100578BAD /* NSHandler.h */,
				E027CF661D0C7F3100578BAD /* NSHandler.m */,
			);
			path = Data;
			sourceTree = "<group>";
		};
		E027CF6C1D0C83B700578BAD /* Components */ = {
			isa = PBXGroup;
			children = (
				E027CF711D0C897700578BAD /* NYPhotoViewer */,
				E027CF6D1D0C83D100578BAD /* MBProgressHUD */,
			);
			path = Components;
			sourceTree = "<group>";
		};
		E027CF6D1D0C83D100578BAD /* MBProgressHUD */ = {
			isa = PBXGroup;
			children = (
				E027CF6E1D0C83D100578BAD /* MBProgressHUD.h */,
				E027CF6F1D0C83D100578BAD /* MBProgressHUD.m */,
			);
			path = MBProgressHUD;
			sourceTree = "<group>";
		};
		E027CF711D0C897700578BAD /* NYPhotoViewer */ = {
			isa = PBXGroup;
			children = (
				E027CF721D0C897700578BAD /* NYTExamplePhoto.h */,
				E027CF731D0C897700578BAD /* NYTExamplePhoto.m */,
				E027CF741D0C897700578BAD /* NYTOperatingSystemCompatibilityUtility.h */,
				E027CF751D0C897700578BAD /* NYTOperatingSystemCompatibilityUtility.m */,
				E027CF761D0C897700578BAD /* NYTPhotoCaptionView.h */,
				E027CF771D0C897700578BAD /* NYTPhotoCaptionView.m */,
				E027CF781D0C897700578BAD /* NYTPhotoDismissalInteractionController.h */,
				E027CF791D0C897700578BAD /* NYTPhotoDismissalInteractionController.m */,
				E027CF7A1D0C897700578BAD /* NYTPhotosDataSource.h */,
				E027CF7B1D0C897700578BAD /* NYTPhotosDataSource.m */,
				E027CF7C1D0C897700578BAD /* NYTPhotosOverlayView.h */,
				E027CF7D1D0C897700578BAD /* NYTPhotosOverlayView.m */,
				E027CF7E1D0C897700578BAD /* NYTPhotosViewController.h */,
				E027CF7F1D0C897700578BAD /* NYTPhotosViewController.m */,
				E027CF801D0C897700578BAD /* NYTPhotoTransitionAnimator.h */,
				E027CF811D0C897700578BAD /* NYTPhotoTransitionAnimator.m */,
				E027CF821D0C897700578BAD /* NYTPhotoTransitionController.h */,
				E027CF831D0C897700578BAD /* NYTPhotoTransitionController.m */,
				E027CF841D0C897700578BAD /* NYTPhotoViewController.h */,
				E027CF851D0C897700578BAD /* NYTPhotoViewController.m */,
				E027CF861D0C897700578BAD /* NYTScalingImageView.h */,
				E027CF871D0C897700578BAD /* NYTScalingImageView.m */,
				E027CF881D0C897700578BAD /* Protocols */,
			);
			path = NYPhotoViewer;
			sourceTree = "<group>";
		};
		E027CF881D0C897700578BAD /* Protocols */ = {
			isa = PBXGroup;
			children = (
				E027CF891D0C897700578BAD /* NYTPhoto.h */,
				E027CF8A1D0C897700578BAD /* NYTPhotoContainer.h */,
				E027CF8B1D0C897700578BAD /* NYTPhotosViewControllerDataSource.h */,
			);
			path = Protocols;
			sourceTree = "<group>";
		};
		E027CFA01D0CB4B800578BAD /* APOD */ = {
			isa = PBXGroup;
			children = (
				E027CF691D0C816D00578BAD /* NSAPODViewController.h */,
				E027CF6A1D0C816D00578BAD /* NSAPODViewController.m */,
			);
			name = APOD;
			sourceTree = "<group>";
		};
		E027CFA11D0CB4BD00578BAD /* Sound */ = {
			isa = PBXGroup;
			children = (
				E027CF971D0C992F00578BAD /* NSSoundViewController.h */,
				E027CF981D0C992F00578BAD /* NSSoundViewController.m */,
			);
			name = Sound;
			sourceTree = "<group>";
		};
		E027CFA21D0CB4C300578BAD /* Mars */ = {
			isa = PBXGroup;
			children = (
				E027CF9A1D0CAD8500578BAD /* NSMarsViewController.h */,
				E027CF9B1D0CAD8500578BAD /* NSMarsViewController.m */,
				E027CF9D1D0CB12300578BAD /* NSMarsPhotosViewController.h */,
				E027CF9E1D0CB12300578BAD /* NSMarsPhotosViewController.m */,
			);
			name = Mars;
			sourceTree = "<group>";
		};
/* End PBXGroup section */

/* Begin PBXNativeTarget section */
		E027CF381D0C7EA300578BAD /* NASA */ = {
			isa = PBXNativeTarget;
			buildConfigurationList = E027CF5B1D0C7EA300578BAD /* Build configuration list for PBXNativeTarget "NASA" */;
			buildPhases = (
				E027CF351D0C7EA300578BAD /* Sources */,
				E027CF361D0C7EA300578BAD /* Frameworks */,
				E027CF371D0C7EA300578BAD /* Resources */,
			);
			buildRules = (
			);
			dependencies = (
			);
			name = NASA;
			productName = NASA;
			productReference = E027CF391D0C7EA300578BAD /* NASA.app */;
			productType = "com.apple.product-type.application";
		};
		E027CF511D0C7EA300578BAD /* NASATests */ = {
			isa = PBXNativeTarget;
			buildConfigurationList = E027CF5E1D0C7EA300578BAD /* Build configuration list for PBXNativeTarget "NASATests" */;
			buildPhases = (
				E027CF4E1D0C7EA300578BAD /* Sources */,
				E027CF4F1D0C7EA300578BAD /* Frameworks */,
				E027CF501D0C7EA300578BAD /* Resources */,
			);
			buildRules = (
			);
			dependencies = (
				E027CF541D0C7EA300578BAD /* PBXTargetDependency */,
			);
			name = NASATests;
			productName = NASATests;
			productReference = E027CF521D0C7EA300578BAD /* NASATests.xctest */;
			productType = "com.apple.product-type.bundle.unit-test";
		};
/* End PBXNativeTarget section */

/* Begin PBXProject section */
		E027CF311D0C7EA300578BAD /* Project object */ = {
			isa = PBXProject;
			attributes = {
				LastUpgradeCheck = 0730;
				ORGANIZATIONNAME = Ahmad;
				TargetAttributes = {
					E027CF381D0C7EA300578BAD = {
						CreatedOnToolsVersion = 7.3;
					};
					E027CF511D0C7EA300578BAD = {
						CreatedOnToolsVersion = 7.3;
						TestTargetID = E027CF381D0C7EA300578BAD;
					};
				};
			};
			buildConfigurationList = E027CF341D0C7EA300578BAD /* Build configuration list for PBXProject "NASA" */;
			compatibilityVersion = "Xcode 3.2";
			developmentRegion = English;
			hasScannedForEncodings = 0;
			knownRegions = (
				en,
				Base,
			);
			mainGroup = E027CF301D0C7EA300578BAD;
			productRefGroup = E027CF3A1D0C7EA300578BAD /* Products */;
			projectDirPath = "";
			projectRoot = "";
			targets = (
				E027CF381D0C7EA300578BAD /* NASA */,
				E027CF511D0C7EA300578BAD /* NASATests */,
			);
		};
/* End PBXProject section */

/* Begin PBXResourcesBuildPhase section */
		E027CF371D0C7EA300578BAD /* Resources */ = {
			isa = PBXResourcesBuildPhase;
			buildActionMask = 2147483647;
			files = (
				E027CF4C1D0C7EA300578BAD /* LaunchScreen.storyboard in Resources */,
				E027CF491D0C7EA300578BAD /* Assets.xcassets in Resources */,
				E027CF471D0C7EA300578BAD /* Main.storyboard in Resources */,
			);
			runOnlyForDeploymentPostprocessing = 0;
		};
		E027CF501D0C7EA300578BAD /* Resources */ = {
			isa = PBXResourcesBuildPhase;
			buildActionMask = 2147483647;
			files = (
			);
			runOnlyForDeploymentPostprocessing = 0;
		};
/* End PBXResourcesBuildPhase section */

/* Begin PBXSourcesBuildPhase section */
		E027CF351D0C7EA300578BAD /* Sources */ = {
			isa = PBXSourcesBuildPhase;
			buildActionMask = 2147483647;
			files = (
				E027CF631D0C7EDA00578BAD /* NSMenuViewController.m in Sources */,
				E027CF961D0C897700578BAD /* NYTScalingImageView.m in Sources */,
				E027CF941D0C897700578BAD /* NYTPhotoTransitionController.m in Sources */,
				E027CF701D0C83D100578BAD /* MBProgressHUD.m in Sources */,
				E027CF8D1D0C897700578BAD /* NYTOperatingSystemCompatibilityUtility.m in Sources */,
				E027CF671D0C7F3100578BAD /* NSHandler.m in Sources */,
				E027CF8C1D0C897700578BAD /* NYTExamplePhoto.m in Sources */,
				E027CF901D0C897700578BAD /* NYTPhotosDataSource.m in Sources */,
				E027CF951D0C897700578BAD /* NYTPhotoViewController.m in Sources */,
				E027CF931D0C897700578BAD /* NYTPhotoTransitionAnimator.m in Sources */,
				E027CF8E1D0C897700578BAD /* NYTPhotoCaptionView.m in Sources */,
				E027CF6B1D0C816D00578BAD /* NSAPODViewController.m in Sources */,
				E027CF9C1D0CAD8500578BAD /* NSMarsViewController.m in Sources */,
				E027CF411D0C7EA300578BAD /* AppDelegate.m in Sources */,
				E027CF3E1D0C7EA300578BAD /* main.m in Sources */,
				E027CF9F1D0CB12300578BAD /* NSMarsPhotosViewController.m in Sources */,
				E027CF911D0C897700578BAD /* NYTPhotosOverlayView.m in Sources */,
				E027CF921D0C897700578BAD /* NYTPhotosViewController.m in Sources */,
				E027CF8F1D0C897700578BAD /* NYTPhotoDismissalInteractionController.m in Sources */,
				E027CF991D0C992F00578BAD /* NSSoundViewController.m in Sources */,
			);
			runOnlyForDeploymentPostprocessing = 0;
		};
		E027CF4E1D0C7EA300578BAD /* Sources */ = {
			isa = PBXSourcesBuildPhase;
			buildActionMask = 2147483647;
			files = (
				E027CF571D0C7EA300578BAD /* NASATests.m in Sources */,
			);
			runOnlyForDeploymentPostprocessing = 0;
		};
/* End PBXSourcesBuildPhase section */

/* Begin PBXTargetDependency section */
		E027CF541D0C7EA300578BAD /* PBXTargetDependency */ = {
			isa = PBXTargetDependency;
			target = E027CF381D0C7EA300578BAD /* NASA */;
			targetProxy = E027CF531D0C7EA300578BAD /* PBXContainerItemProxy */;
		};
/* End PBXTargetDependency section */

/* Begin PBXVariantGroup section */
		E027CF451D0C7EA300578BAD /* Main.storyboard */ = {
			isa = PBXVariantGroup;
			children = (
				E027CF461D0C7EA300578BAD /* Base */,
			);
			name = Main.storyboard;
			sourceTree = "<group>";
		};
		E027CF4A1D0C7EA300578BAD /* LaunchScreen.storyboard */ = {
			isa = PBXVariantGroup;
			children = (
				E027CF4B1D0C7EA300578BAD /* Base */,
			);
			name = LaunchScreen.storyboard;
			sourceTree = "<group>";
		};
/* End PBXVariantGroup section */

/* Begin XCBuildConfiguration section */
		E027CF591D0C7EA300578BAD /* Debug */ = {
			isa = XCBuildConfiguration;
			buildSettings = {
				ALWAYS_SEARCH_USER_PATHS = NO;
				CLANG_ANALYZER_NONNULL = YES;
				CLANG_CXX_LANGUAGE_STANDARD = "gnu++0x";
				CLANG_CXX_LIBRARY = "libc++";
				CLANG_ENABLE_MODULES = YES;
				CLANG_ENABLE_OBJC_ARC = YES;
				CLANG_WARN_BOOL_CONVERSION = YES;
				CLANG_WARN_CONSTANT_CONVERSION = YES;
				CLANG_WARN_DIRECT_OBJC_ISA_USAGE = YES_ERROR;
				CLANG_WARN_EMPTY_BODY = YES;
				CLANG_WARN_ENUM_CONVERSION = YES;
				CLANG_WARN_INT_CONVERSION = YES;
				CLANG_WARN_OBJC_ROOT_CLASS = YES_ERROR;
				CLANG_WARN_UNREACHABLE_CODE = YES;
				CLANG_WARN__DUPLICATE_METHOD_MATCH = YES;
				"CODE_SIGN_IDENTITY[sdk=iphoneos*]" = "iPhone Developer";
				COPY_PHASE_STRIP = NO;
				DEBUG_INFORMATION_FORMAT = dwarf;
				ENABLE_STRICT_OBJC_MSGSEND = YES;
				ENABLE_TESTABILITY = YES;
				GCC_C_LANGUAGE_STANDARD = gnu99;
				GCC_DYNAMIC_NO_PIC = NO;
				GCC_NO_COMMON_BLOCKS = YES;
				GCC_OPTIMIZATION_LEVEL = 0;
				GCC_PREPROCESSOR_DEFINITIONS = (
					"DEBUG=1",
					"$(inherited)",
				);
				GCC_WARN_64_TO_32_BIT_CONVERSION = YES;
				GCC_WARN_ABOUT_RETURN_TYPE = YES_ERROR;
				GCC_WARN_UNDECLARED_SELECTOR = YES;
				GCC_WARN_UNINITIALIZED_AUTOS = YES_AGGRESSIVE;
				GCC_WARN_UNUSED_FUNCTION = YES;
				GCC_WARN_UNUSED_VARIABLE = YES;
				IPHONEOS_DEPLOYMENT_TARGET = 9.3;
				MTL_ENABLE_DEBUG_INFO = YES;
				ONLY_ACTIVE_ARCH = YES;
				SDKROOT = iphoneos;
				TARGETED_DEVICE_FAMILY = "1,2";
			};
			name = Debug;
		};
		E027CF5A1D0C7EA300578BAD /* Release */ = {
			isa = XCBuildConfiguration;
			buildSettings = {
				ALWAYS_SEARCH_USER_PATHS = NO;
				CLANG_ANALYZER_NONNULL = YES;
				CLANG_CXX_LANGUAGE_STANDARD = "gnu++0x";
				CLANG_CXX_LIBRARY = "libc++";
				CLANG_ENABLE_MODULES = YES;
				CLANG_ENABLE_OBJC_ARC = YES;
				CLANG_WARN_BOOL_CONVERSION = YES;
				CLANG_WARN_CONSTANT_CONVERSION = YES;
				CLANG_WARN_DIRECT_OBJC_ISA_USAGE = YES_ERROR;
				CLANG_WARN_EMPTY_BODY = YES;
				CLANG_WARN_ENUM_CONVERSION = YES;
				CLANG_WARN_INT_CONVERSION = YES;
				CLANG_WARN_OBJC_ROOT_CLASS = YES_ERROR;
				CLANG_WARN_UNREACHABLE_CODE = YES;
				CLANG_WARN__DUPLICATE_METHOD_MATCH = YES;
				"CODE_SIGN_IDENTITY[sdk=iphoneos*]" = "iPhone Developer";
				COPY_PHASE_STRIP = NO;
				DEBUG_INFORMATION_FORMAT = "dwarf-with-dsym";
				ENABLE_NS_ASSERTIONS = NO;
				ENABLE_STRICT_OBJC_MSGSEND = YES;
				GCC_C_LANGUAGE_STANDARD = gnu99;
				GCC_NO_COMMON_BLOCKS = YES;
				GCC_WARN_64_TO_32_BIT_CONVERSION = YES;
				GCC_WARN_ABOUT_RETURN_TYPE = YES_ERROR;
				GCC_WARN_UNDECLARED_SELECTOR = YES;
				GCC_WARN_UNINITIALIZED_AUTOS = YES_AGGRESSIVE;
				GCC_WARN_UNUSED_FUNCTION = YES;
				GCC_WARN_UNUSED_VARIABLE = YES;
				IPHONEOS_DEPLOYMENT_TARGET = 9.3;
				MTL_ENABLE_DEBUG_INFO = NO;
				SDKROOT = iphoneos;
				TARGETED_DEVICE_FAMILY = "1,2";
				VALIDATE_PRODUCT = YES;
			};
			name = Release;
		};
		E027CF5C1D0C7EA300578BAD /* Debug */ = {
			isa = XCBuildConfiguration;
			buildSettings = {
				ASSETCATALOG_COMPILER_APPICON_NAME = AppIcon;
				INFOPLIST_FILE = NASA/Info.plist;
				IPHONEOS_DEPLOYMENT_TARGET = 9.0;
				LD_RUNPATH_SEARCH_PATHS = "$(inherited) @executable_path/Frameworks";
				PRODUCT_BUNDLE_IDENTIFIER = com.ahmad.NASA;
				PRODUCT_NAME = "$(TARGET_NAME)";
			};
			name = Debug;
		};
		E027CF5D1D0C7EA300578BAD /* Release */ = {
			isa = XCBuildConfiguration;
			buildSettings = {
				ASSETCATALOG_COMPILER_APPICON_NAME = AppIcon;
				INFOPLIST_FILE = NASA/Info.plist;
				IPHONEOS_DEPLOYMENT_TARGET = 9.0;
				LD_RUNPATH_SEARCH_PATHS = "$(inherited) @executable_path/Frameworks";
				PRODUCT_BUNDLE_IDENTIFIER = com.ahmad.NASA;
				PRODUCT_NAME = "$(TARGET_NAME)";
			};
			name = Release;
		};
		E027CF5F1D0C7EA300578BAD /* Debug */ = {
			isa = XCBuildConfiguration;
			buildSettings = {
				BUNDLE_LOADER = "$(TEST_HOST)";
				INFOPLIST_FILE = NASATests/Info.plist;
				LD_RUNPATH_SEARCH_PATHS = "$(inherited) @executable_path/Frameworks @loader_path/Frameworks";
				PRODUCT_BUNDLE_IDENTIFIER = com.ahmad.NASATests;
				PRODUCT_NAME = "$(TARGET_NAME)";
				TEST_HOST = "$(BUILT_PRODUCTS_DIR)/NASA.app/NASA";
			};
			name = Debug;
		};
		E027CF601D0C7EA300578BAD /* Release */ = {
			isa = XCBuildConfiguration;
			buildSettings = {
				BUNDLE_LOADER = "$(TEST_HOST)";
				INFOPLIST_FILE = NASATests/Info.plist;
				LD_RUNPATH_SEARCH_PATHS = "$(inherited) @executable_path/Frameworks @loader_path/Frameworks";
				PRODUCT_BUNDLE_IDENTIFIER = com.ahmad.NASATests;
				PRODUCT_NAME = "$(TARGET_NAME)";
				TEST_HOST = "$(BUILT_PRODUCTS_DIR)/NASA.app/NASA";
			};
			name = Release;
		};
/* End XCBuildConfiguration section */

/* Begin XCConfigurationList section */
		E027CF341D0C7EA300578BAD /* Build configuration list for PBXProject "NASA" */ = {
			isa = XCConfigurationList;
			buildConfigurations = (
				E027CF591D0C7EA300578BAD /* Debug */,
				E027CF5A1D0C7EA300578BAD /* Release */,
			);
			defaultConfigurationIsVisible = 0;
			defaultConfigurationName = Release;
		};
		E027CF5B1D0C7EA300578BAD /* Build configuration list for PBXNativeTarget "NASA" */ = {
			isa = XCConfigurationList;
			buildConfigurations = (
				E027CF5C1D0C7EA300578BAD /* Debug */,
				E027CF5D1D0C7EA300578BAD /* Release */,
			);
			defaultConfigurationIsVisible = 0;
		};
		E027CF5E1D0C7EA300578BAD /* Build configuration list for PBXNativeTarget "NASATests" */ = {
			isa = XCConfigurationList;
			buildConfigurations = (
				E027CF5F1D0C7EA300578BAD /* Debug */,
				E027CF601D0C7EA300578BAD /* Release */,
			);
			defaultConfigurationIsVisible = 0;
		};
/* End XCConfigurationList section */
	};
	rootObject = E027CF311D0C7EA300578BAD /* Project object */;
}
